// !$*UTF8*$!
{
	archiveVersion = 1;
	classes = {
	};
	objectVersion = 56;
	objects = {

/* Begin PBXBuildFile section */
		DA21B01E2B9073B8006BFF98 /* oldBTVModel.swift in Sources */ = {isa = PBXBuildFile; fileRef = DA21B01D2B9073B8006BFF98 /* oldBTVModel.swift */; };
		DAD46C5E2B8C581500CF13A7 /* timecardBluetoothApp.swift in Sources */ = {isa = PBXBuildFile; fileRef = DAD46C5D2B8C581500CF13A7 /* timecardBluetoothApp.swift */; };
		DAD46C602B8C581500CF13A7 /* ContentView.swift in Sources */ = {isa = PBXBuildFile; fileRef = DAD46C5F2B8C581500CF13A7 /* ContentView.swift */; };
		DAD46C622B8C581700CF13A7 /* Assets.xcassets in Resources */ = {isa = PBXBuildFile; fileRef = DAD46C612B8C581700CF13A7 /* Assets.xcassets */; };
		DAD46C6F2B8C581700CF13A7 /* timecardBluetoothTests.swift in Sources */ = {isa = PBXBuildFile; fileRef = DAD46C6E2B8C581700CF13A7 /* timecardBluetoothTests.swift */; };
		DAD46C792B8C581700CF13A7 /* timecardBluetoothUITests.swift in Sources */ = {isa = PBXBuildFile; fileRef = DAD46C782B8C581700CF13A7 /* timecardBluetoothUITests.swift */; };
		DAD46C7B2B8C581700CF13A7 /* timecardBluetoothUITestsLaunchTests.swift in Sources */ = {isa = PBXBuildFile; fileRef = DAD46C7A2B8C581700CF13A7 /* timecardBluetoothUITestsLaunchTests.swift */; };
		DAD46C8B2B8C591E00CF13A7 /* BluetoothViewModel.swift in Sources */ = {isa = PBXBuildFile; fileRef = DAD46C8A2B8C591E00CF13A7 /* BluetoothViewModel.swift */; };
		DAD46C8C2B8C5B0300CF13A7 /* CoreBluetooth.framework in Frameworks */ = {isa = PBXBuildFile; fileRef = DAD46C882B8C586C00CF13A7 /* CoreBluetooth.framework */; };
		DAE7314A2B8F14A500D2DF73 /* EmployeeViewModel.swift in Sources */ = {isa = PBXBuildFile; fileRef = DAE731492B8F14A500D2DF73 /* EmployeeViewModel.swift */; };
		DAE7314E2B8F276D00D2DF73 /* 01_InitialView.swift in Sources */ = {isa = PBXBuildFile; fileRef = DAE7314D2B8F276D00D2DF73 /* 01_InitialView.swift */; };
		DAE731512B8F283100D2DF73 /* 50_UIDCheck.swift in Sources */ = {isa = PBXBuildFile; fileRef = DAE731502B8F283100D2DF73 /* 50_UIDCheck.swift */; };
		DAE731532B8F6E6000D2DF73 /* 00_AppState.swift in Sources */ = {isa = PBXBuildFile; fileRef = DAE731522B8F6E6000D2DF73 /* 00_AppState.swift */; };
		DAE731552B8F701B00D2DF73 /* 02_AttendanceManagementView.swift in Sources */ = {isa = PBXBuildFile; fileRef = DAE731542B8F701B00D2DF73 /* 02_AttendanceManagementView.swift */; };
		DAE731572B8F70BA00D2DF73 /* 03_CheckInView.swift in Sources */ = {isa = PBXBuildFile; fileRef = DAE731562B8F70BA00D2DF73 /* 03_CheckInView.swift */; };
		DAE731592B8F70C500D2DF73 /* 04_CheckOutView.swift in Sources */ = {isa = PBXBuildFile; fileRef = DAE731582B8F70C500D2DF73 /* 04_CheckOutView.swift */; };
		DAE7315B2B8F70CE00D2DF73 /* 05_BreakStartView.swift in Sources */ = {isa = PBXBuildFile; fileRef = DAE7315A2B8F70CE00D2DF73 /* 05_BreakStartView.swift */; };
		DAE7315D2B8F70D800D2DF73 /* 06_BreakEndView.swift in Sources */ = {isa = PBXBuildFile; fileRef = DAE7315C2B8F70D800D2DF73 /* 06_BreakEndView.swift */; };
		DAE7315F2B8F70E500D2DF73 /* 07_AttendanceCorrelationView.swift in Sources */ = {isa = PBXBuildFile; fileRef = DAE7315E2B8F70E500D2DF73 /* 07_AttendanceCorrelationView.swift */; };
		DAE731612B8F70EF00D2DF73 /* 08_AddStaffView.swift in Sources */ = {isa = PBXBuildFile; fileRef = DAE731602B8F70EF00D2DF73 /* 08_AddStaffView.swift */; };
		DAE731632B8F8C5300D2DF73 /* complete.m4a in Resources */ = {isa = PBXBuildFile; fileRef = DAE731622B8F8C5200D2DF73 /* complete.m4a */; };
/* End PBXBuildFile section */

/* Begin PBXContainerItemProxy section */
		DAD46C6B2B8C581700CF13A7 /* PBXContainerItemProxy */ = {
			isa = PBXContainerItemProxy;
			containerPortal = DAD46C522B8C581500CF13A7 /* Project object */;
			proxyType = 1;
			remoteGlobalIDString = DAD46C592B8C581500CF13A7;
			remoteInfo = timecardBluetooth;
		};
		DAD46C752B8C581700CF13A7 /* PBXContainerItemProxy */ = {
			isa = PBXContainerItemProxy;
			containerPortal = DAD46C522B8C581500CF13A7 /* Project object */;
			proxyType = 1;
			remoteGlobalIDString = DAD46C592B8C581500CF13A7;
			remoteInfo = timecardBluetooth;
		};
/* End PBXContainerItemProxy section */

/* Begin PBXFileReference section */
		DA21B01D2B9073B8006BFF98 /* oldBTVModel.swift */ = {isa = PBXFileReference; lastKnownFileType = sourcecode.swift; path = oldBTVModel.swift; sourceTree = "<group>"; };
		DAD46C5A2B8C581500CF13A7 /* timecardBluetooth.app */ = {isa = PBXFileReference; explicitFileType = wrapper.application; includeInIndex = 0; path = timecardBluetooth.app; sourceTree = BUILT_PRODUCTS_DIR; };
		DAD46C5D2B8C581500CF13A7 /* timecardBluetoothApp.swift */ = {isa = PBXFileReference; lastKnownFileType = sourcecode.swift; path = timecardBluetoothApp.swift; sourceTree = "<group>"; };
		DAD46C5F2B8C581500CF13A7 /* ContentView.swift */ = {isa = PBXFileReference; lastKnownFileType = sourcecode.swift; path = ContentView.swift; sourceTree = "<group>"; };
		DAD46C612B8C581700CF13A7 /* Assets.xcassets */ = {isa = PBXFileReference; lastKnownFileType = folder.assetcatalog; path = Assets.xcassets; sourceTree = "<group>"; };
		DAD46C6A2B8C581700CF13A7 /* timecardBluetoothTests.xctest */ = {isa = PBXFileReference; explicitFileType = wrapper.cfbundle; includeInIndex = 0; path = timecardBluetoothTests.xctest; sourceTree = BUILT_PRODUCTS_DIR; };
		DAD46C6E2B8C581700CF13A7 /* timecardBluetoothTests.swift */ = {isa = PBXFileReference; lastKnownFileType = sourcecode.swift; path = timecardBluetoothTests.swift; sourceTree = "<group>"; };
		DAD46C742B8C581700CF13A7 /* timecardBluetoothUITests.xctest */ = {isa = PBXFileReference; explicitFileType = wrapper.cfbundle; includeInIndex = 0; path = timecardBluetoothUITests.xctest; sourceTree = BUILT_PRODUCTS_DIR; };
		DAD46C782B8C581700CF13A7 /* timecardBluetoothUITests.swift */ = {isa = PBXFileReference; lastKnownFileType = sourcecode.swift; path = timecardBluetoothUITests.swift; sourceTree = "<group>"; };
		DAD46C7A2B8C581700CF13A7 /* timecardBluetoothUITestsLaunchTests.swift */ = {isa = PBXFileReference; lastKnownFileType = sourcecode.swift; path = timecardBluetoothUITestsLaunchTests.swift; sourceTree = "<group>"; };
		DAD46C882B8C586C00CF13A7 /* CoreBluetooth.framework */ = {isa = PBXFileReference; lastKnownFileType = wrapper.framework; name = CoreBluetooth.framework; path = System/Library/Frameworks/CoreBluetooth.framework; sourceTree = SDKROOT; };
		DAD46C8A2B8C591E00CF13A7 /* BluetoothViewModel.swift */ = {isa = PBXFileReference; lastKnownFileType = sourcecode.swift; path = BluetoothViewModel.swift; sourceTree = "<group>"; };
		DAE731492B8F14A500D2DF73 /* EmployeeViewModel.swift */ = {isa = PBXFileReference; lastKnownFileType = sourcecode.swift; path = EmployeeViewModel.swift; sourceTree = "<group>"; };
		DAE7314D2B8F276D00D2DF73 /* 01_InitialView.swift */ = {isa = PBXFileReference; lastKnownFileType = sourcecode.swift; path = 01_InitialView.swift; sourceTree = "<group>"; };
		DAE731502B8F283100D2DF73 /* 50_UIDCheck.swift */ = {isa = PBXFileReference; lastKnownFileType = sourcecode.swift; path = 50_UIDCheck.swift; sourceTree = "<group>"; };
		DAE731522B8F6E6000D2DF73 /* 00_AppState.swift */ = {isa = PBXFileReference; lastKnownFileType = sourcecode.swift; path = 00_AppState.swift; sourceTree = "<group>"; };
		DAE731542B8F701B00D2DF73 /* 02_AttendanceManagementView.swift */ = {isa = PBXFileReference; lastKnownFileType = sourcecode.swift; path = 02_AttendanceManagementView.swift; sourceTree = "<group>"; };
		DAE731562B8F70BA00D2DF73 /* 03_CheckInView.swift */ = {isa = PBXFileReference; lastKnownFileType = sourcecode.swift; path = 03_CheckInView.swift; sourceTree = "<group>"; };
		DAE731582B8F70C500D2DF73 /* 04_CheckOutView.swift */ = {isa = PBXFileReference; lastKnownFileType = sourcecode.swift; path = 04_CheckOutView.swift; sourceTree = "<group>"; };
		DAE7315A2B8F70CE00D2DF73 /* 05_BreakStartView.swift */ = {isa = PBXFileReference; lastKnownFileType = sourcecode.swift; path = 05_BreakStartView.swift; sourceTree = "<group>"; };
		DAE7315C2B8F70D800D2DF73 /* 06_BreakEndView.swift */ = {isa = PBXFileReference; lastKnownFileType = sourcecode.swift; path = 06_BreakEndView.swift; sourceTree = "<group>"; };
		DAE7315E2B8F70E500D2DF73 /* 07_AttendanceCorrelationView.swift */ = {isa = PBXFileReference; lastKnownFileType = sourcecode.swift; path = 07_AttendanceCorrelationView.swift; sourceTree = "<group>"; };
		DAE731602B8F70EF00D2DF73 /* 08_AddStaffView.swift */ = {isa = PBXFileReference; lastKnownFileType = sourcecode.swift; path = 08_AddStaffView.swift; sourceTree = "<group>"; };
		DAE731622B8F8C5200D2DF73 /* complete.m4a */ = {isa = PBXFileReference; lastKnownFileType = file; path = complete.m4a; sourceTree = "<group>"; };
/* End PBXFileReference section */

/* Begin PBXFrameworksBuildPhase section */
		DAD46C572B8C581500CF13A7 /* Frameworks */ = {
			isa = PBXFrameworksBuildPhase;
			buildActionMask = 2147483647;
			files = (
				DAD46C8C2B8C5B0300CF13A7 /* CoreBluetooth.framework in Frameworks */,
			);
			runOnlyForDeploymentPostprocessing = 0;
		};
		DAD46C672B8C581700CF13A7 /* Frameworks */ = {
			isa = PBXFrameworksBuildPhase;
			buildActionMask = 2147483647;
			files = (
			);
			runOnlyForDeploymentPostprocessing = 0;
		};
		DAD46C712B8C581700CF13A7 /* Frameworks */ = {
			isa = PBXFrameworksBuildPhase;
			buildActionMask = 2147483647;
			files = (
			);
			runOnlyForDeploymentPostprocessing = 0;
		};
/* End PBXFrameworksBuildPhase section */

/* Begin PBXGroup section */
		DAD46C512B8C581500CF13A7 = {
			isa = PBXGroup;
			children = (
				DAD46C5C2B8C581500CF13A7 /* timecardBluetooth */,
				DAD46C6D2B8C581700CF13A7 /* timecardBluetoothTests */,
				DAD46C772B8C581700CF13A7 /* timecardBluetoothUITests */,
				DAD46C5B2B8C581500CF13A7 /* Products */,
				DAD46C872B8C586C00CF13A7 /* Frameworks */,
			);
			sourceTree = "<group>";
		};
		DAD46C5B2B8C581500CF13A7 /* Products */ = {
			isa = PBXGroup;
			children = (
				DAD46C5A2B8C581500CF13A7 /* timecardBluetooth.app */,
				DAD46C6A2B8C581700CF13A7 /* timecardBluetoothTests.xctest */,
				DAD46C742B8C581700CF13A7 /* timecardBluetoothUITests.xctest */,
			);
			name = Products;
			sourceTree = "<group>";
		};
		DAD46C5C2B8C581500CF13A7 /* timecardBluetooth */ = {
			isa = PBXGroup;
			children = (
				DAE731622B8F8C5200D2DF73 /* complete.m4a */,
				DAD46C5D2B8C581500CF13A7 /* timecardBluetoothApp.swift */,
				DAD46C5F2B8C581500CF13A7 /* ContentView.swift */,
				DA21B01D2B9073B8006BFF98 /* oldBTVModel.swift */,
				DAE7314F2B8F277500D2DF73 /* ContentView */,
				DAD46C8A2B8C591E00CF13A7 /* BluetoothViewModel.swift */,
				DAE731492B8F14A500D2DF73 /* EmployeeViewModel.swift */,
				DAD46C612B8C581700CF13A7 /* Assets.xcassets */,
			);
			path = timecardBluetooth;
			sourceTree = "<group>";
		};
		DAD46C6D2B8C581700CF13A7 /* timecardBluetoothTests */ = {
			isa = PBXGroup;
			children = (
				DAD46C6E2B8C581700CF13A7 /* timecardBluetoothTests.swift */,
			);
			path = timecardBluetoothTests;
			sourceTree = "<group>";
		};
		DAD46C772B8C581700CF13A7 /* timecardBluetoothUITests */ = {
			isa = PBXGroup;
			children = (
				DAD46C782B8C581700CF13A7 /* timecardBluetoothUITests.swift */,
				DAD46C7A2B8C581700CF13A7 /* timecardBluetoothUITestsLaunchTests.swift */,
			);
			path = timecardBluetoothUITests;
			sourceTree = "<group>";
		};
		DAD46C872B8C586C00CF13A7 /* Frameworks */ = {
			isa = PBXGroup;
			children = (
				DAD46C882B8C586C00CF13A7 /* CoreBluetooth.framework */,
			);
			name = Frameworks;
			sourceTree = "<group>";
		};
		DAE7314F2B8F277500D2DF73 /* ContentView */ = {
			isa = PBXGroup;
			children = (
				DAE731522B8F6E6000D2DF73 /* 00_AppState.swift */,
				DAE7314D2B8F276D00D2DF73 /* 01_InitialView.swift */,
				DAE731542B8F701B00D2DF73 /* 02_AttendanceManagementView.swift */,
				DAE731562B8F70BA00D2DF73 /* 03_CheckInView.swift */,
				DAE731582B8F70C500D2DF73 /* 04_CheckOutView.swift */,
				DAE7315A2B8F70CE00D2DF73 /* 05_BreakStartView.swift */,
				DAE7315C2B8F70D800D2DF73 /* 06_BreakEndView.swift */,
				DAE7315E2B8F70E500D2DF73 /* 07_AttendanceCorrelationView.swift */,
				DAE731602B8F70EF00D2DF73 /* 08_AddStaffView.swift */,
				DAE731502B8F283100D2DF73 /* 50_UIDCheck.swift */,
			);
			path = ContentView;
			sourceTree = "<group>";
		};
/* End PBXGroup section */

/* Begin PBXNativeTarget section */
		DAD46C592B8C581500CF13A7 /* timecardBluetooth */ = {
			isa = PBXNativeTarget;
			buildConfigurationList = DAD46C7E2B8C581700CF13A7 /* Build configuration list for PBXNativeTarget "timecardBluetooth" */;
			buildPhases = (
				DAD46C562B8C581500CF13A7 /* Sources */,
				DAD46C572B8C581500CF13A7 /* Frameworks */,
				DAD46C582B8C581500CF13A7 /* Resources */,
			);
			buildRules = (
			);
			dependencies = (
			);
			name = timecardBluetooth;
			productName = timecardBluetooth;
			productReference = DAD46C5A2B8C581500CF13A7 /* timecardBluetooth.app */;
			productType = "com.apple.product-type.application";
		};
		DAD46C692B8C581700CF13A7 /* timecardBluetoothTests */ = {
			isa = PBXNativeTarget;
			buildConfigurationList = DAD46C812B8C581700CF13A7 /* Build configuration list for PBXNativeTarget "timecardBluetoothTests" */;
			buildPhases = (
				DAD46C662B8C581700CF13A7 /* Sources */,
				DAD46C672B8C581700CF13A7 /* Frameworks */,
				DAD46C682B8C581700CF13A7 /* Resources */,
			);
			buildRules = (
			);
			dependencies = (
				DAD46C6C2B8C581700CF13A7 /* PBXTargetDependency */,
			);
			name = timecardBluetoothTests;
			productName = timecardBluetoothTests;
			productReference = DAD46C6A2B8C581700CF13A7 /* timecardBluetoothTests.xctest */;
			productType = "com.apple.product-type.bundle.unit-test";
		};
		DAD46C732B8C581700CF13A7 /* timecardBluetoothUITests */ = {
			isa = PBXNativeTarget;
			buildConfigurationList = DAD46C842B8C581700CF13A7 /* Build configuration list for PBXNativeTarget "timecardBluetoothUITests" */;
			buildPhases = (
				DAD46C702B8C581700CF13A7 /* Sources */,
				DAD46C712B8C581700CF13A7 /* Frameworks */,
				DAD46C722B8C581700CF13A7 /* Resources */,
			);
			buildRules = (
			);
			dependencies = (
				DAD46C762B8C581700CF13A7 /* PBXTargetDependency */,
			);
			name = timecardBluetoothUITests;
			productName = timecardBluetoothUITests;
			productReference = DAD46C742B8C581700CF13A7 /* timecardBluetoothUITests.xctest */;
			productType = "com.apple.product-type.bundle.ui-testing";
		};
/* End PBXNativeTarget section */

/* Begin PBXProject section */
		DAD46C522B8C581500CF13A7 /* Project object */ = {
			isa = PBXProject;
			attributes = {
				BuildIndependentTargetsInParallel = 1;
				LastSwiftUpdateCheck = 1520;
				LastUpgradeCheck = 1520;
				TargetAttributes = {
					DAD46C592B8C581500CF13A7 = {
						CreatedOnToolsVersion = 15.2;
					};
					DAD46C692B8C581700CF13A7 = {
						CreatedOnToolsVersion = 15.2;
						TestTargetID = DAD46C592B8C581500CF13A7;
					};
					DAD46C732B8C581700CF13A7 = {
						CreatedOnToolsVersion = 15.2;
						TestTargetID = DAD46C592B8C581500CF13A7;
					};
				};
			};
			buildConfigurationList = DAD46C552B8C581500CF13A7 /* Build configuration list for PBXProject "timecardBluetooth" */;
			compatibilityVersion = "Xcode 14.0";
			developmentRegion = en;
			hasScannedForEncodings = 0;
			knownRegions = (
				en,
				Base,
			);
			mainGroup = DAD46C512B8C581500CF13A7;
			productRefGroup = DAD46C5B2B8C581500CF13A7 /* Products */;
			projectDirPath = "";
			projectRoot = "";
			targets = (
				DAD46C592B8C581500CF13A7 /* timecardBluetooth */,
				DAD46C692B8C581700CF13A7 /* timecardBluetoothTests */,
				DAD46C732B8C581700CF13A7 /* timecardBluetoothUITests */,
			);
		};
/* End PBXProject section */

/* Begin PBXResourcesBuildPhase section */
		DAD46C582B8C581500CF13A7 /* Resources */ = {
			isa = PBXResourcesBuildPhase;
			buildActionMask = 2147483647;
			files = (
				DAD46C622B8C581700CF13A7 /* Assets.xcassets in Resources */,
				DAE731632B8F8C5300D2DF73 /* complete.m4a in Resources */,
			);
			runOnlyForDeploymentPostprocessing = 0;
		};
		DAD46C682B8C581700CF13A7 /* Resources */ = {
			isa = PBXResourcesBuildPhase;
			buildActionMask = 2147483647;
			files = (
			);
			runOnlyForDeploymentPostprocessing = 0;
		};
		DAD46C722B8C581700CF13A7 /* Resources */ = {
			isa = PBXResourcesBuildPhase;
			buildActionMask = 2147483647;
			files = (
			);
			runOnlyForDeploymentPostprocessing = 0;
		};
/* End PBXResourcesBuildPhase section */

/* Begin PBXSourcesBuildPhase section */
		DAD46C562B8C581500CF13A7 /* Sources */ = {
			isa = PBXSourcesBuildPhase;
			buildActionMask = 2147483647;
			files = (
				DAE731552B8F701B00D2DF73 /* 02_AttendanceManagementView.swift in Sources */,
				DAE731612B8F70EF00D2DF73 /* 08_AddStaffView.swift in Sources */,
				DAE7315D2B8F70D800D2DF73 /* 06_BreakEndView.swift in Sources */,
				DAD46C602B8C581500CF13A7 /* ContentView.swift in Sources */,
				DAD46C5E2B8C581500CF13A7 /* timecardBluetoothApp.swift in Sources */,
				DAE7315F2B8F70E500D2DF73 /* 07_AttendanceCorrelationView.swift in Sources */,
				DAE731532B8F6E6000D2DF73 /* 00_AppState.swift in Sources */,
				DAE731512B8F283100D2DF73 /* 50_UIDCheck.swift in Sources */,
				DAE7314A2B8F14A500D2DF73 /* EmployeeViewModel.swift in Sources */,
				DA21B01E2B9073B8006BFF98 /* oldBTVModel.swift in Sources */,
				DAE731592B8F70C500D2DF73 /* 04_CheckOutView.swift in Sources */,
				DAE7314E2B8F276D00D2DF73 /* 01_InitialView.swift in Sources */,
				DAE7315B2B8F70CE00D2DF73 /* 05_BreakStartView.swift in Sources */,
				DAD46C8B2B8C591E00CF13A7 /* BluetoothViewModel.swift in Sources */,
				DAE731572B8F70BA00D2DF73 /* 03_CheckInView.swift in Sources */,
			);
			runOnlyForDeploymentPostprocessing = 0;
		};
		DAD46C662B8C581700CF13A7 /* Sources */ = {
			isa = PBXSourcesBuildPhase;
			buildActionMask = 2147483647;
			files = (
				DAD46C6F2B8C581700CF13A7 /* timecardBluetoothTests.swift in Sources */,
			);
			runOnlyForDeploymentPostprocessing = 0;
		};
		DAD46C702B8C581700CF13A7 /* Sources */ = {
			isa = PBXSourcesBuildPhase;
			buildActionMask = 2147483647;
			files = (
				DAD46C7B2B8C581700CF13A7 /* timecardBluetoothUITestsLaunchTests.swift in Sources */,
				DAD46C792B8C581700CF13A7 /* timecardBluetoothUITests.swift in Sources */,
			);
			runOnlyForDeploymentPostprocessing = 0;
		};
/* End PBXSourcesBuildPhase section */

/* Begin PBXTargetDependency section */
		DAD46C6C2B8C581700CF13A7 /* PBXTargetDependency */ = {
			isa = PBXTargetDependency;
			target = DAD46C592B8C581500CF13A7 /* timecardBluetooth */;
			targetProxy = DAD46C6B2B8C581700CF13A7 /* PBXContainerItemProxy */;
		};
		DAD46C762B8C581700CF13A7 /* PBXTargetDependency */ = {
			isa = PBXTargetDependency;
			target = DAD46C592B8C581500CF13A7 /* timecardBluetooth */;
			targetProxy = DAD46C752B8C581700CF13A7 /* PBXContainerItemProxy */;
		};
/* End PBXTargetDependency section */

/* Begin XCBuildConfiguration section */
		DAD46C7C2B8C581700CF13A7 /* Debug */ = {
			isa = XCBuildConfiguration;
			buildSettings = {
				ALWAYS_SEARCH_USER_PATHS = NO;
				ASSETCATALOG_COMPILER_GENERATE_SWIFT_ASSET_SYMBOL_EXTENSIONS = YES;
				CLANG_ANALYZER_NONNULL = YES;
				CLANG_ANALYZER_NUMBER_OBJECT_CONVERSION = YES_AGGRESSIVE;
				CLANG_CXX_LANGUAGE_STANDARD = "gnu++20";
				CLANG_ENABLE_MODULES = YES;
				CLANG_ENABLE_OBJC_ARC = YES;
				CLANG_ENABLE_OBJC_WEAK = YES;
				CLANG_WARN_BLOCK_CAPTURE_AUTORELEASING = YES;
				CLANG_WARN_BOOL_CONVERSION = YES;
				CLANG_WARN_COMMA = YES;
				CLANG_WARN_CONSTANT_CONVERSION = YES;
				CLANG_WARN_DEPRECATED_OBJC_IMPLEMENTATIONS = YES;
				CLANG_WARN_DIRECT_OBJC_ISA_USAGE = YES_ERROR;
				CLANG_WARN_DOCUMENTATION_COMMENTS = YES;
				CLANG_WARN_EMPTY_BODY = YES;
				CLANG_WARN_ENUM_CONVERSION = YES;
				CLANG_WARN_INFINITE_RECURSION = YES;
				CLANG_WARN_INT_CONVERSION = YES;
				CLANG_WARN_NON_LITERAL_NULL_CONVERSION = YES;
				CLANG_WARN_OBJC_IMPLICIT_RETAIN_SELF = YES;
				CLANG_WARN_OBJC_LITERAL_CONVERSION = YES;
				CLANG_WARN_OBJC_ROOT_CLASS = YES_ERROR;
				CLANG_WARN_QUOTED_INCLUDE_IN_FRAMEWORK_HEADER = YES;
				CLANG_WARN_RANGE_LOOP_ANALYSIS = YES;
				CLANG_WARN_STRICT_PROTOTYPES = YES;
				CLANG_WARN_SUSPICIOUS_MOVE = YES;
				CLANG_WARN_UNGUARDED_AVAILABILITY = YES_AGGRESSIVE;
				CLANG_WARN_UNREACHABLE_CODE = YES;
				CLANG_WARN__DUPLICATE_METHOD_MATCH = YES;
				COPY_PHASE_STRIP = NO;
				DEBUG_INFORMATION_FORMAT = dwarf;
				ENABLE_STRICT_OBJC_MSGSEND = YES;
				ENABLE_TESTABILITY = YES;
				ENABLE_USER_SCRIPT_SANDBOXING = YES;
				GCC_C_LANGUAGE_STANDARD = gnu17;
				GCC_DYNAMIC_NO_PIC = NO;
				GCC_NO_COMMON_BLOCKS = YES;
				GCC_OPTIMIZATION_LEVEL = 0;
				GCC_PREPROCESSOR_DEFINITIONS = (
					"DEBUG=1",
					"$(inherited)",
				);
				GCC_WARN_64_TO_32_BIT_CONVERSION = YES;
				GCC_WARN_ABOUT_RETURN_TYPE = YES_ERROR;
				GCC_WARN_UNDECLARED_SELECTOR = YES;
				GCC_WARN_UNINITIALIZED_AUTOS = YES_AGGRESSIVE;
				GCC_WARN_UNUSED_FUNCTION = YES;
				GCC_WARN_UNUSED_VARIABLE = YES;
				IPHONEOS_DEPLOYMENT_TARGET = 17.2;
				LOCALIZATION_PREFERS_STRING_CATALOGS = YES;
				MTL_ENABLE_DEBUG_INFO = INCLUDE_SOURCE;
				MTL_FAST_MATH = YES;
				ONLY_ACTIVE_ARCH = YES;
				SDKROOT = iphoneos;
				SWIFT_ACTIVE_COMPILATION_CONDITIONS = "DEBUG $(inherited)";
				SWIFT_OPTIMIZATION_LEVEL = "-Onone";
			};
			name = Debug;
		};
		DAD46C7D2B8C581700CF13A7 /* Release */ = {
			isa = XCBuildConfiguration;
			buildSettings = {
				ALWAYS_SEARCH_USER_PATHS = NO;
				ASSETCATALOG_COMPILER_GENERATE_SWIFT_ASSET_SYMBOL_EXTENSIONS = YES;
				CLANG_ANALYZER_NONNULL = YES;
				CLANG_ANALYZER_NUMBER_OBJECT_CONVERSION = YES_AGGRESSIVE;
				CLANG_CXX_LANGUAGE_STANDARD = "gnu++20";
				CLANG_ENABLE_MODULES = YES;
				CLANG_ENABLE_OBJC_ARC = YES;
				CLANG_ENABLE_OBJC_WEAK = YES;
				CLANG_WARN_BLOCK_CAPTURE_AUTORELEASING = YES;
				CLANG_WARN_BOOL_CONVERSION = YES;
				CLANG_WARN_COMMA = YES;
				CLANG_WARN_CONSTANT_CONVERSION = YES;
				CLANG_WARN_DEPRECATED_OBJC_IMPLEMENTATIONS = YES;
				CLANG_WARN_DIRECT_OBJC_ISA_USAGE = YES_ERROR;
				CLANG_WARN_DOCUMENTATION_COMMENTS = YES;
				CLANG_WARN_EMPTY_BODY = YES;
				CLANG_WARN_ENUM_CONVERSION = YES;
				CLANG_WARN_INFINITE_RECURSION = YES;
				CLANG_WARN_INT_CONVERSION = YES;
				CLANG_WARN_NON_LITERAL_NULL_CONVERSION = YES;
				CLANG_WARN_OBJC_IMPLICIT_RETAIN_SELF = YES;
				CLANG_WARN_OBJC_LITERAL_CONVERSION = YES;
				CLANG_WARN_OBJC_ROOT_CLASS = YES_ERROR;
				CLANG_WARN_QUOTED_INCLUDE_IN_FRAMEWORK_HEADER = YES;
				CLANG_WARN_RANGE_LOOP_ANALYSIS = YES;
				CLANG_WARN_STRICT_PROTOTYPES = YES;
				CLANG_WARN_SUSPICIOUS_MOVE = YES;
				CLANG_WARN_UNGUARDED_AVAILABILITY = YES_AGGRESSIVE;
				CLANG_WARN_UNREACHABLE_CODE = YES;
				CLANG_WARN__DUPLICATE_METHOD_MATCH = YES;
				COPY_PHASE_STRIP = NO;
				DEBUG_INFORMATION_FORMAT = "dwarf-with-dsym";
				ENABLE_NS_ASSERTIONS = NO;
				ENABLE_STRICT_OBJC_MSGSEND = YES;
				ENABLE_USER_SCRIPT_SANDBOXING = YES;
				GCC_C_LANGUAGE_STANDARD = gnu17;
				GCC_NO_COMMON_BLOCKS = YES;
				GCC_WARN_64_TO_32_BIT_CONVERSION = YES;
				GCC_WARN_ABOUT_RETURN_TYPE = YES_ERROR;
				GCC_WARN_UNDECLARED_SELECTOR = YES;
				GCC_WARN_UNINITIALIZED_AUTOS = YES_AGGRESSIVE;
				GCC_WARN_UNUSED_FUNCTION = YES;
				GCC_WARN_UNUSED_VARIABLE = YES;
				IPHONEOS_DEPLOYMENT_TARGET = 17.2;
				LOCALIZATION_PREFERS_STRING_CATALOGS = YES;
				MTL_ENABLE_DEBUG_INFO = NO;
				MTL_FAST_MATH = YES;
				SDKROOT = iphoneos;
				SWIFT_COMPILATION_MODE = wholemodule;
				VALIDATE_PRODUCT = YES;
			};
			name = Release;
		};
		DAD46C7F2B8C581700CF13A7 /* Debug */ = {
			isa = XCBuildConfiguration;
			buildSettings = {
				ASSETCATALOG_COMPILER_APPICON_NAME = AppIcon;
				ASSETCATALOG_COMPILER_GLOBAL_ACCENT_COLOR_NAME = AccentColor;
				CODE_SIGN_STYLE = Automatic;
				CURRENT_PROJECT_VERSION = 1;
				DEVELOPMENT_ASSET_PATHS = "\"timecardBluetooth/Preview Content\"";
				DEVELOPMENT_TEAM = 76XD6PT475;
				ENABLE_PREVIEWS = YES;
				GENERATE_INFOPLIST_FILE = YES;
				INFOPLIST_KEY_NSBluetoothAlwaysUsageDescription = "근태 기록을 위해 블루투스를 사용합니다.";
				INFOPLIST_KEY_NSBluetoothPeripheralUsageDescription = "근태 기록을 위해 블루투스를 사용합니다.";
				INFOPLIST_KEY_UIApplicationSceneManifest_Generation = YES;
				INFOPLIST_KEY_UIApplicationSupportsIndirectInputEvents = YES;
				INFOPLIST_KEY_UILaunchScreen_Generation = YES;
				INFOPLIST_KEY_UIStatusBarStyle = "";
				INFOPLIST_KEY_UISupportedInterfaceOrientations = "UIInterfaceOrientationLandscapeLeft UIInterfaceOrientationLandscapeRight UIInterfaceOrientationPortrait";
				INFOPLIST_KEY_UISupportedInterfaceOrientations_iPad = "UIInterfaceOrientationLandscapeLeft UIInterfaceOrientationLandscapeRight";
				LD_RUNPATH_SEARCH_PATHS = (
					"$(inherited)",
					"@executable_path/Frameworks",
				);
				MARKETING_VERSION = 1.0.1;
				PRODUCT_BUNDLE_IDENTIFIER = UChan.timecardBluetooth;
				PRODUCT_NAME = "$(TARGET_NAME)";
				SWIFT_EMIT_LOC_STRINGS = YES;
				SWIFT_VERSION = 5.0;
				TARGETED_DEVICE_FAMILY = "1,2";
			};
			name = Debug;
		};
		DAD46C802B8C581700CF13A7 /* Release */ = {
			isa = XCBuildConfiguration;
			buildSettings = {
				ASSETCATALOG_COMPILER_APPICON_NAME = AppIcon;
				ASSETCATALOG_COMPILER_GLOBAL_ACCENT_COLOR_NAME = AccentColor;
				CODE_SIGN_STYLE = Automatic;
				CURRENT_PROJECT_VERSION = 1;
				DEVELOPMENT_ASSET_PATHS = "\"timecardBluetooth/Preview Content\"";
				DEVELOPMENT_TEAM = 76XD6PT475;
				ENABLE_PREVIEWS = YES;
				GENERATE_INFOPLIST_FILE = YES;
				INFOPLIST_KEY_NSBluetoothAlwaysUsageDescription = "근태 기록을 위해 블루투스를 사용합니다.";
				INFOPLIST_KEY_NSBluetoothPeripheralUsageDescription = "근태 기록을 위해 블루투스를 사용합니다.";
				INFOPLIST_KEY_UIApplicationSceneManifest_Generation = YES;
				INFOPLIST_KEY_UIApplicationSupportsIndirectInputEvents = YES;
				INFOPLIST_KEY_UILaunchScreen_Generation = YES;
				INFOPLIST_KEY_UIStatusBarStyle = "";
				INFOPLIST_KEY_UISupportedInterfaceOrientations = "UIInterfaceOrientationLandscapeLeft UIInterfaceOrientationLandscapeRight UIInterfaceOrientationPortrait";
				INFOPLIST_KEY_UISupportedInterfaceOrientations_iPad = "UIInterfaceOrientationLandscapeLeft UIInterfaceOrientationLandscapeRight";
				LD_RUNPATH_SEARCH_PATHS = (
					"$(inherited)",
					"@executable_path/Frameworks",
				);
				MARKETING_VERSION = 1.0.1;
				PRODUCT_BUNDLE_IDENTIFIER = UChan.timecardBluetooth;
				PRODUCT_NAME = "$(TARGET_NAME)";
				SWIFT_EMIT_LOC_STRINGS = YES;
				SWIFT_VERSION = 5.0;
				TARGETED_DEVICE_FAMILY = "1,2";
			};
			name = Release;
		};
		DAD46C822B8C581700CF13A7 /* Debug */ = {
			isa = XCBuildConfiguration;
			buildSettings = {
				ALWAYS_EMBED_SWIFT_STANDARD_LIBRARIES = YES;
				BUNDLE_LOADER = "$(TEST_HOST)";
				CODE_SIGN_STYLE = Automatic;
				CURRENT_PROJECT_VERSION = 1;
				DEVELOPMENT_TEAM = 76XD6PT475;
				GENERATE_INFOPLIST_FILE = YES;
				IPHONEOS_DEPLOYMENT_TARGET = 17.2;
				MARKETING_VERSION = 1.0;
				PRODUCT_BUNDLE_IDENTIFIER = UChan.timecardBluetoothTests;
				PRODUCT_NAME = "$(TARGET_NAME)";
				SWIFT_EMIT_LOC_STRINGS = NO;
				SWIFT_VERSION = 5.0;
				TARGETED_DEVICE_FAMILY = "1,2";
				TEST_HOST = "$(BUILT_PRODUCTS_DIR)/timecardBluetooth.app/$(BUNDLE_EXECUTABLE_FOLDER_PATH)/timecardBluetooth";
			};
			name = Debug;
		};
		DAD46C832B8C581700CF13A7 /* Release */ = {
			isa = XCBuildConfiguration;
			buildSettings = {
				ALWAYS_EMBED_SWIFT_STANDARD_LIBRARIES = YES;
				BUNDLE_LOADER = "$(TEST_HOST)";
				CODE_SIGN_STYLE = Automatic;
				CURRENT_PROJECT_VERSION = 1;
				DEVELOPMENT_TEAM = 76XD6PT475;
				GENERATE_INFOPLIST_FILE = YES;
				IPHONEOS_DEPLOYMENT_TARGET = 17.2;
				MARKETING_VERSION = 1.0;
				PRODUCT_BUNDLE_IDENTIFIER = UChan.timecardBluetoothTests;
				PRODUCT_NAME = "$(TARGET_NAME)";
				SWIFT_EMIT_LOC_STRINGS = NO;
				SWIFT_VERSION = 5.0;
				TARGETED_DEVICE_FAMILY = "1,2";
				TEST_HOST = "$(BUILT_PRODUCTS_DIR)/timecardBluetooth.app/$(BUNDLE_EXECUTABLE_FOLDER_PATH)/timecardBluetooth";
			};
			name = Release;
		};
		DAD46C852B8C581700CF13A7 /* Debug */ = {
			isa = XCBuildConfiguration;
			buildSettings = {
				ALWAYS_EMBED_SWIFT_STANDARD_LIBRARIES = YES;
				CODE_SIGN_STYLE = Automatic;
				CURRENT_PROJECT_VERSION = 1;
				DEVELOPMENT_TEAM = 76XD6PT475;
				GENERATE_INFOPLIST_FILE = YES;
				MARKETING_VERSION = 1.0;
				PRODUCT_BUNDLE_IDENTIFIER = UChan.timecardBluetoothUITests;
				PRODUCT_NAME = "$(TARGET_NAME)";
				SWIFT_EMIT_LOC_STRINGS = NO;
				SWIFT_VERSION = 5.0;
				TARGETED_DEVICE_FAMILY = "1,2";
				TEST_TARGET_NAME = timecardBluetooth;
			};
			name = Debug;
		};
		DAD46C862B8C581700CF13A7 /* Release */ = {
			isa = XCBuildConfiguration;
			buildSettings = {
				ALWAYS_EMBED_SWIFT_STANDARD_LIBRARIES = YES;
				CODE_SIGN_STYLE = Automatic;
				CURRENT_PROJECT_VERSION = 1;
				DEVELOPMENT_TEAM = 76XD6PT475;
				GENERATE_INFOPLIST_FILE = YES;
				MARKETING_VERSION = 1.0;
				PRODUCT_BUNDLE_IDENTIFIER = UChan.timecardBluetoothUITests;
				PRODUCT_NAME = "$(TARGET_NAME)";
				SWIFT_EMIT_LOC_STRINGS = NO;
				SWIFT_VERSION = 5.0;
				TARGETED_DEVICE_FAMILY = "1,2";
				TEST_TARGET_NAME = timecardBluetooth;
			};
			name = Release;
		};
/* End XCBuildConfiguration section */

/* Begin XCConfigurationList section */
		DAD46C552B8C581500CF13A7 /* Build configuration list for PBXProject "timecardBluetooth" */ = {
			isa = XCConfigurationList;
			buildConfigurations = (
				DAD46C7C2B8C581700CF13A7 /* Debug */,
				DAD46C7D2B8C581700CF13A7 /* Release */,
			);
			defaultConfigurationIsVisible = 0;
			defaultConfigurationName = Release;
		};
		DAD46C7E2B8C581700CF13A7 /* Build configuration list for PBXNativeTarget "timecardBluetooth" */ = {
			isa = XCConfigurationList;
			buildConfigurations = (
				DAD46C7F2B8C581700CF13A7 /* Debug */,
				DAD46C802B8C581700CF13A7 /* Release */,
			);
			defaultConfigurationIsVisible = 0;
			defaultConfigurationName = Release;
		};
		DAD46C812B8C581700CF13A7 /* Build configuration list for PBXNativeTarget "timecardBluetoothTests" */ = {
			isa = XCConfigurationList;
			buildConfigurations = (
				DAD46C822B8C581700CF13A7 /* Debug */,
				DAD46C832B8C581700CF13A7 /* Release */,
			);
			defaultConfigurationIsVisible = 0;
			defaultConfigurationName = Release;
		};
		DAD46C842B8C581700CF13A7 /* Build configuration list for PBXNativeTarget "timecardBluetoothUITests" */ = {
			isa = XCConfigurationList;
			buildConfigurations = (
				DAD46C852B8C581700CF13A7 /* Debug */,
				DAD46C862B8C581700CF13A7 /* Release */,
			);
			defaultConfigurationIsVisible = 0;
			defaultConfigurationName = Release;
		};
/* End XCConfigurationList section */
	};
	rootObject = DAD46C522B8C581500CF13A7 /* Project object */;
}
