// !$*UTF8*$!
{
	archiveVersion = 1;
	classes = {
	};
	objectVersion = 56;
	objects = {

/* Begin PBXBuildFile section */
		DA1BF48B2B91789900C50388 /* layoutPracticeApp.swift in Sources */ = {isa = PBXBuildFile; fileRef = DA1BF48A2B91789900C50388 /* layoutPracticeApp.swift */; };
		DA1BF48D2B91789900C50388 /* ContentView.swift in Sources */ = {isa = PBXBuildFile; fileRef = DA1BF48C2B91789900C50388 /* ContentView.swift */; };
		DA1BF48F2B91789B00C50388 /* Assets.xcassets in Resources */ = {isa = PBXBuildFile; fileRef = DA1BF48E2B91789B00C50388 /* Assets.xcassets */; };
		DA1BF4922B91789B00C50388 /* Preview Assets.xcassets in Resources */ = {isa = PBXBuildFile; fileRef = DA1BF4912B91789B00C50388 /* Preview Assets.xcassets */; };
		DA1BF49C2B91789C00C50388 /* layoutPracticeTests.swift in Sources */ = {isa = PBXBuildFile; fileRef = DA1BF49B2B91789C00C50388 /* layoutPracticeTests.swift */; };
		DA1BF4A62B91789C00C50388 /* layoutPracticeUITests.swift in Sources */ = {isa = PBXBuildFile; fileRef = DA1BF4A52B91789C00C50388 /* layoutPracticeUITests.swift */; };
		DA1BF4A82B91789C00C50388 /* layoutPracticeUITestsLaunchTests.swift in Sources */ = {isa = PBXBuildFile; fileRef = DA1BF4A72B91789C00C50388 /* layoutPracticeUITestsLaunchTests.swift */; };
		DA3BCBF42B917AA60096B5B3 /* MyProjectCard.swift in Sources */ = {isa = PBXBuildFile; fileRef = DA3BCBF32B917AA60096B5B3 /* MyProjectCard.swift */; };
		DA3BCBF62B91819D0096B5B3 /* 1.png in Resources */ = {isa = PBXBuildFile; fileRef = DA3BCBF52B91819C0096B5B3 /* 1.png */; };
		DA3BCBF92B9187070096B5B3 /* timeClock.swift in Sources */ = {isa = PBXBuildFile; fileRef = DA3BCBF82B9187070096B5B3 /* timeClock.swift */; };
		DA3BCC002B918EF70096B5B3 /* DS-DIGIB.TTF in Resources */ = {isa = PBXBuildFile; fileRef = DA3BCBFC2B918EF60096B5B3 /* DS-DIGIB.TTF */; };
		DA3BCC012B918EF70096B5B3 /* DS-DIGI.TTF in Resources */ = {isa = PBXBuildFile; fileRef = DA3BCBFD2B918EF60096B5B3 /* DS-DIGI.TTF */; };
		DA3BCC022B918EF70096B5B3 /* DS-DIGII.TTF in Resources */ = {isa = PBXBuildFile; fileRef = DA3BCBFE2B918EF70096B5B3 /* DS-DIGII.TTF */; };
		DA3BCC032B918EF70096B5B3 /* DS-DIGIT.TTF in Resources */ = {isa = PBXBuildFile; fileRef = DA3BCBFF2B918EF70096B5B3 /* DS-DIGIT.TTF */; };
		DA3BCC062B918FFF0096B5B3 /* gridTest.swift in Sources */ = {isa = PBXBuildFile; fileRef = DA3BCC052B918FFF0096B5B3 /* gridTest.swift */; };
/* End PBXBuildFile section */

/* Begin PBXContainerItemProxy section */
		DA1BF4982B91789C00C50388 /* PBXContainerItemProxy */ = {
			isa = PBXContainerItemProxy;
			containerPortal = DA1BF47F2B91789900C50388 /* Project object */;
			proxyType = 1;
			remoteGlobalIDString = DA1BF4862B91789900C50388;
			remoteInfo = layoutPractice;
		};
		DA1BF4A22B91789C00C50388 /* PBXContainerItemProxy */ = {
			isa = PBXContainerItemProxy;
			containerPortal = DA1BF47F2B91789900C50388 /* Project object */;
			proxyType = 1;
			remoteGlobalIDString = DA1BF4862B91789900C50388;
			remoteInfo = layoutPractice;
		};
/* End PBXContainerItemProxy section */

/* Begin PBXFileReference section */
		DA1BF4872B91789900C50388 /* layoutPractice.app */ = {isa = PBXFileReference; explicitFileType = wrapper.application; includeInIndex = 0; path = layoutPractice.app; sourceTree = BUILT_PRODUCTS_DIR; };
		DA1BF48A2B91789900C50388 /* layoutPracticeApp.swift */ = {isa = PBXFileReference; lastKnownFileType = sourcecode.swift; path = layoutPracticeApp.swift; sourceTree = "<group>"; };
		DA1BF48C2B91789900C50388 /* ContentView.swift */ = {isa = PBXFileReference; lastKnownFileType = sourcecode.swift; path = ContentView.swift; sourceTree = "<group>"; };
		DA1BF48E2B91789B00C50388 /* Assets.xcassets */ = {isa = PBXFileReference; lastKnownFileType = folder.assetcatalog; path = Assets.xcassets; sourceTree = "<group>"; };
		DA1BF4912B91789B00C50388 /* Preview Assets.xcassets */ = {isa = PBXFileReference; lastKnownFileType = folder.assetcatalog; path = "Preview Assets.xcassets"; sourceTree = "<group>"; };
		DA1BF4972B91789C00C50388 /* layoutPracticeTests.xctest */ = {isa = PBXFileReference; explicitFileType = wrapper.cfbundle; includeInIndex = 0; path = layoutPracticeTests.xctest; sourceTree = BUILT_PRODUCTS_DIR; };
		DA1BF49B2B91789C00C50388 /* layoutPracticeTests.swift */ = {isa = PBXFileReference; lastKnownFileType = sourcecode.swift; path = layoutPracticeTests.swift; sourceTree = "<group>"; };
		DA1BF4A12B91789C00C50388 /* layoutPracticeUITests.xctest */ = {isa = PBXFileReference; explicitFileType = wrapper.cfbundle; includeInIndex = 0; path = layoutPracticeUITests.xctest; sourceTree = BUILT_PRODUCTS_DIR; };
		DA1BF4A52B91789C00C50388 /* layoutPracticeUITests.swift */ = {isa = PBXFileReference; lastKnownFileType = sourcecode.swift; path = layoutPracticeUITests.swift; sourceTree = "<group>"; };
		DA1BF4A72B91789C00C50388 /* layoutPracticeUITestsLaunchTests.swift */ = {isa = PBXFileReference; lastKnownFileType = sourcecode.swift; path = layoutPracticeUITestsLaunchTests.swift; sourceTree = "<group>"; };
		DA3BCBF32B917AA60096B5B3 /* MyProjectCard.swift */ = {isa = PBXFileReference; lastKnownFileType = sourcecode.swift; path = MyProjectCard.swift; sourceTree = "<group>"; };
		DA3BCBF52B91819C0096B5B3 /* 1.png */ = {isa = PBXFileReference; lastKnownFileType = image.png; path = 1.png; sourceTree = "<group>"; };
		DA3BCBF82B9187070096B5B3 /* timeClock.swift */ = {isa = PBXFileReference; lastKnownFileType = sourcecode.swift; path = timeClock.swift; sourceTree = "<group>"; };
		DA3BCBFC2B918EF60096B5B3 /* DS-DIGIB.TTF */ = {isa = PBXFileReference; lastKnownFileType = file; path = "DS-DIGIB.TTF"; sourceTree = "<group>"; };
		DA3BCBFD2B918EF60096B5B3 /* DS-DIGI.TTF */ = {isa = PBXFileReference; lastKnownFileType = file; path = "DS-DIGI.TTF"; sourceTree = "<group>"; };
		DA3BCBFE2B918EF70096B5B3 /* DS-DIGII.TTF */ = {isa = PBXFileReference; lastKnownFileType = file; path = "DS-DIGII.TTF"; sourceTree = "<group>"; };
		DA3BCBFF2B918EF70096B5B3 /* DS-DIGIT.TTF */ = {isa = PBXFileReference; lastKnownFileType = file; path = "DS-DIGIT.TTF"; sourceTree = "<group>"; };
		DA3BCC042B918F110096B5B3 /* Info.plist */ = {isa = PBXFileReference; lastKnownFileType = text.plist; path = Info.plist; sourceTree = "<group>"; };
		DA3BCC052B918FFF0096B5B3 /* gridTest.swift */ = {isa = PBXFileReference; lastKnownFileType = sourcecode.swift; path = gridTest.swift; sourceTree = "<group>"; };
/* End PBXFileReference section */

/* Begin PBXFrameworksBuildPhase section */
		DA1BF4842B91789900C50388 /* Frameworks */ = {
			isa = PBXFrameworksBuildPhase;
			buildActionMask = 2147483647;
			files = (
			);
			runOnlyForDeploymentPostprocessing = 0;
		};
		DA1BF4942B91789C00C50388 /* Frameworks */ = {
			isa = PBXFrameworksBuildPhase;
			buildActionMask = 2147483647;
			files = (
			);
			runOnlyForDeploymentPostprocessing = 0;
		};
		DA1BF49E2B91789C00C50388 /* Frameworks */ = {
			isa = PBXFrameworksBuildPhase;
			buildActionMask = 2147483647;
			files = (
			);
			runOnlyForDeploymentPostprocessing = 0;
		};
/* End PBXFrameworksBuildPhase section */

/* Begin PBXGroup section */
		DA1BF47E2B91789900C50388 = {
			isa = PBXGroup;
			children = (
				DA1BF4892B91789900C50388 /* layoutPractice */,
				DA1BF49A2B91789C00C50388 /* layoutPracticeTests */,
				DA1BF4A42B91789C00C50388 /* layoutPracticeUITests */,
				DA1BF4882B91789900C50388 /* Products */,
			);
			sourceTree = "<group>";
		};
		DA1BF4882B91789900C50388 /* Products */ = {
			isa = PBXGroup;
			children = (
				DA1BF4872B91789900C50388 /* layoutPractice.app */,
				DA1BF4972B91789C00C50388 /* layoutPracticeTests.xctest */,
				DA1BF4A12B91789C00C50388 /* layoutPracticeUITests.xctest */,
			);
			name = Products;
			sourceTree = "<group>";
		};
		DA1BF4892B91789900C50388 /* layoutPractice */ = {
			isa = PBXGroup;
			children = (
				DA3BCC042B918F110096B5B3 /* Info.plist */,
				DA1BF48A2B91789900C50388 /* layoutPracticeApp.swift */,
				DA1BF48C2B91789900C50388 /* ContentView.swift */,
				DA3BCBF32B917AA60096B5B3 /* MyProjectCard.swift */,
				DA3BCBF82B9187070096B5B3 /* timeClock.swift */,
				DA3BCC052B918FFF0096B5B3 /* gridTest.swift */,
				DA1BF48E2B91789B00C50388 /* Assets.xcassets */,
				DA3BCBFB2B918EB30096B5B3 /* fonts */,
				DA3BCBF72B9181A50096B5B3 /* Image */,
				DA1BF4902B91789B00C50388 /* Preview Content */,
			);
			path = layoutPractice;
			sourceTree = "<group>";
		};
		DA1BF4902B91789B00C50388 /* Preview Content */ = {
			isa = PBXGroup;
			children = (
				DA1BF4912B91789B00C50388 /* Preview Assets.xcassets */,
			);
			path = "Preview Content";
			sourceTree = "<group>";
		};
		DA1BF49A2B91789C00C50388 /* layoutPracticeTests */ = {
			isa = PBXGroup;
			children = (
				DA1BF49B2B91789C00C50388 /* layoutPracticeTests.swift */,
			);
			path = layoutPracticeTests;
			sourceTree = "<group>";
		};
		DA1BF4A42B91789C00C50388 /* layoutPracticeUITests */ = {
			isa = PBXGroup;
			children = (
				DA1BF4A52B91789C00C50388 /* layoutPracticeUITests.swift */,
				DA1BF4A72B91789C00C50388 /* layoutPracticeUITestsLaunchTests.swift */,
			);
			path = layoutPracticeUITests;
			sourceTree = "<group>";
		};
		DA3BCBF72B9181A50096B5B3 /* Image */ = {
			isa = PBXGroup;
			children = (
				DA3BCBF52B91819C0096B5B3 /* 1.png */,
			);
			path = Image;
			sourceTree = "<group>";
		};
		DA3BCBFB2B918EB30096B5B3 /* fonts */ = {
			isa = PBXGroup;
			children = (
				DA3BCBFD2B918EF60096B5B3 /* DS-DIGI.TTF */,
				DA3BCBFC2B918EF60096B5B3 /* DS-DIGIB.TTF */,
				DA3BCBFE2B918EF70096B5B3 /* DS-DIGII.TTF */,
				DA3BCBFF2B918EF70096B5B3 /* DS-DIGIT.TTF */,
			);
			path = fonts;
			sourceTree = "<group>";
		};
/* End PBXGroup section */

/* Begin PBXNativeTarget section */
		DA1BF4862B91789900C50388 /* layoutPractice */ = {
			isa = PBXNativeTarget;
			buildConfigurationList = DA1BF4AB2B91789C00C50388 /* Build configuration list for PBXNativeTarget "layoutPractice" */;
			buildPhases = (
				DA1BF4832B91789900C50388 /* Sources */,
				DA1BF4842B91789900C50388 /* Frameworks */,
				DA1BF4852B91789900C50388 /* Resources */,
			);
			buildRules = (
			);
			dependencies = (
			);
			name = layoutPractice;
			productName = layoutPractice;
			productReference = DA1BF4872B91789900C50388 /* layoutPractice.app */;
			productType = "com.apple.product-type.application";
		};
		DA1BF4962B91789C00C50388 /* layoutPracticeTests */ = {
			isa = PBXNativeTarget;
			buildConfigurationList = DA1BF4AE2B91789C00C50388 /* Build configuration list for PBXNativeTarget "layoutPracticeTests" */;
			buildPhases = (
				DA1BF4932B91789C00C50388 /* Sources */,
				DA1BF4942B91789C00C50388 /* Frameworks */,
				DA1BF4952B91789C00C50388 /* Resources */,
			);
			buildRules = (
			);
			dependencies = (
				DA1BF4992B91789C00C50388 /* PBXTargetDependency */,
			);
			name = layoutPracticeTests;
			productName = layoutPracticeTests;
			productReference = DA1BF4972B91789C00C50388 /* layoutPracticeTests.xctest */;
			productType = "com.apple.product-type.bundle.unit-test";
		};
		DA1BF4A02B91789C00C50388 /* layoutPracticeUITests */ = {
			isa = PBXNativeTarget;
			buildConfigurationList = DA1BF4B12B91789C00C50388 /* Build configuration list for PBXNativeTarget "layoutPracticeUITests" */;
			buildPhases = (
				DA1BF49D2B91789C00C50388 /* Sources */,
				DA1BF49E2B91789C00C50388 /* Frameworks */,
				DA1BF49F2B91789C00C50388 /* Resources */,
			);
			buildRules = (
			);
			dependencies = (
				DA1BF4A32B91789C00C50388 /* PBXTargetDependency */,
			);
			name = layoutPracticeUITests;
			productName = layoutPracticeUITests;
			productReference = DA1BF4A12B91789C00C50388 /* layoutPracticeUITests.xctest */;
			productType = "com.apple.product-type.bundle.ui-testing";
		};
/* End PBXNativeTarget section */

/* Begin PBXProject section */
		DA1BF47F2B91789900C50388 /* Project object */ = {
			isa = PBXProject;
			attributes = {
				BuildIndependentTargetsInParallel = 1;
				LastSwiftUpdateCheck = 1520;
				LastUpgradeCheck = 1520;
				TargetAttributes = {
					DA1BF4862B91789900C50388 = {
						CreatedOnToolsVersion = 15.2;
					};
					DA1BF4962B91789C00C50388 = {
						CreatedOnToolsVersion = 15.2;
						TestTargetID = DA1BF4862B91789900C50388;
					};
					DA1BF4A02B91789C00C50388 = {
						CreatedOnToolsVersion = 15.2;
						TestTargetID = DA1BF4862B91789900C50388;
					};
				};
			};
			buildConfigurationList = DA1BF4822B91789900C50388 /* Build configuration list for PBXProject "layoutPractice" */;
			compatibilityVersion = "Xcode 14.0";
			developmentRegion = en;
			hasScannedForEncodings = 0;
			knownRegions = (
				en,
				Base,
			);
			mainGroup = DA1BF47E2B91789900C50388;
			productRefGroup = DA1BF4882B91789900C50388 /* Products */;
			projectDirPath = "";
			projectRoot = "";
			targets = (
				DA1BF4862B91789900C50388 /* layoutPractice */,
				DA1BF4962B91789C00C50388 /* layoutPracticeTests */,
				DA1BF4A02B91789C00C50388 /* layoutPracticeUITests */,
			);
		};
/* End PBXProject section */

/* Begin PBXResourcesBuildPhase section */
		DA1BF4852B91789900C50388 /* Resources */ = {
			isa = PBXResourcesBuildPhase;
			buildActionMask = 2147483647;
			files = (
				DA3BCBF62B91819D0096B5B3 /* 1.png in Resources */,
				DA1BF4922B91789B00C50388 /* Preview Assets.xcassets in Resources */,
				DA1BF48F2B91789B00C50388 /* Assets.xcassets in Resources */,
				DA3BCC002B918EF70096B5B3 /* DS-DIGIB.TTF in Resources */,
				DA3BCC022B918EF70096B5B3 /* DS-DIGII.TTF in Resources */,
				DA3BCC012B918EF70096B5B3 /* DS-DIGI.TTF in Resources */,
				DA3BCC032B918EF70096B5B3 /* DS-DIGIT.TTF in Resources */,
			);
			runOnlyForDeploymentPostprocessing = 0;
		};
		DA1BF4952B91789C00C50388 /* Resources */ = {
			isa = PBXResourcesBuildPhase;
			buildActionMask = 2147483647;
			files = (
			);
			runOnlyForDeploymentPostprocessing = 0;
		};
		DA1BF49F2B91789C00C50388 /* Resources */ = {
			isa = PBXResourcesBuildPhase;
			buildActionMask = 2147483647;
			files = (
			);
			runOnlyForDeploymentPostprocessing = 0;
		};
/* End PBXResourcesBuildPhase section */

/* Begin PBXSourcesBuildPhase section */
		DA1BF4832B91789900C50388 /* Sources */ = {
			isa = PBXSourcesBuildPhase;
			buildActionMask = 2147483647;
			files = (
				DA3BCBF42B917AA60096B5B3 /* MyProjectCard.swift in Sources */,
				DA3BCC062B918FFF0096B5B3 /* gridTest.swift in Sources */,
				DA3BCBF92B9187070096B5B3 /* timeClock.swift in Sources */,
				DA1BF48D2B91789900C50388 /* ContentView.swift in Sources */,
				DA1BF48B2B91789900C50388 /* layoutPracticeApp.swift in Sources */,
			);
			runOnlyForDeploymentPostprocessing = 0;
		};
		DA1BF4932B91789C00C50388 /* Sources */ = {
			isa = PBXSourcesBuildPhase;
			buildActionMask = 2147483647;
			files = (
				DA1BF49C2B91789C00C50388 /* layoutPracticeTests.swift in Sources */,
			);
			runOnlyForDeploymentPostprocessing = 0;
		};
		DA1BF49D2B91789C00C50388 /* Sources */ = {
			isa = PBXSourcesBuildPhase;
			buildActionMask = 2147483647;
			files = (
				DA1BF4A62B91789C00C50388 /* layoutPracticeUITests.swift in Sources */,
				DA1BF4A82B91789C00C50388 /* layoutPracticeUITestsLaunchTests.swift in Sources */,
			);
			runOnlyForDeploymentPostprocessing = 0;
		};
/* End PBXSourcesBuildPhase section */

/* Begin PBXTargetDependency section */
		DA1BF4992B91789C00C50388 /* PBXTargetDependency */ = {
			isa = PBXTargetDependency;
			target = DA1BF4862B91789900C50388 /* layoutPractice */;
			targetProxy = DA1BF4982B91789C00C50388 /* PBXContainerItemProxy */;
		};
		DA1BF4A32B91789C00C50388 /* PBXTargetDependency */ = {
			isa = PBXTargetDependency;
			target = DA1BF4862B91789900C50388 /* layoutPractice */;
			targetProxy = DA1BF4A22B91789C00C50388 /* PBXContainerItemProxy */;
		};
/* End PBXTargetDependency section */

/* Begin XCBuildConfiguration section */
		DA1BF4A92B91789C00C50388 /* Debug */ = {
			isa = XCBuildConfiguration;
			buildSettings = {
				ALWAYS_SEARCH_USER_PATHS = NO;
				ASSETCATALOG_COMPILER_GENERATE_SWIFT_ASSET_SYMBOL_EXTENSIONS = YES;
				CLANG_ANALYZER_NONNULL = YES;
				CLANG_ANALYZER_NUMBER_OBJECT_CONVERSION = YES_AGGRESSIVE;
				CLANG_CXX_LANGUAGE_STANDARD = "gnu++20";
				CLANG_ENABLE_MODULES = YES;
				CLANG_ENABLE_OBJC_ARC = YES;
				CLANG_ENABLE_OBJC_WEAK = YES;
				CLANG_WARN_BLOCK_CAPTURE_AUTORELEASING = YES;
				CLANG_WARN_BOOL_CONVERSION = YES;
				CLANG_WARN_COMMA = YES;
				CLANG_WARN_CONSTANT_CONVERSION = YES;
				CLANG_WARN_DEPRECATED_OBJC_IMPLEMENTATIONS = YES;
				CLANG_WARN_DIRECT_OBJC_ISA_USAGE = YES_ERROR;
				CLANG_WARN_DOCUMENTATION_COMMENTS = YES;
				CLANG_WARN_EMPTY_BODY = YES;
				CLANG_WARN_ENUM_CONVERSION = YES;
				CLANG_WARN_INFINITE_RECURSION = YES;
				CLANG_WARN_INT_CONVERSION = YES;
				CLANG_WARN_NON_LITERAL_NULL_CONVERSION = YES;
				CLANG_WARN_OBJC_IMPLICIT_RETAIN_SELF = YES;
				CLANG_WARN_OBJC_LITERAL_CONVERSION = YES;
				CLANG_WARN_OBJC_ROOT_CLASS = YES_ERROR;
				CLANG_WARN_QUOTED_INCLUDE_IN_FRAMEWORK_HEADER = YES;
				CLANG_WARN_RANGE_LOOP_ANALYSIS = YES;
				CLANG_WARN_STRICT_PROTOTYPES = YES;
				CLANG_WARN_SUSPICIOUS_MOVE = YES;
				CLANG_WARN_UNGUARDED_AVAILABILITY = YES_AGGRESSIVE;
				CLANG_WARN_UNREACHABLE_CODE = YES;
				CLANG_WARN__DUPLICATE_METHOD_MATCH = YES;
				COPY_PHASE_STRIP = NO;
				DEBUG_INFORMATION_FORMAT = dwarf;
				ENABLE_STRICT_OBJC_MSGSEND = YES;
				ENABLE_TESTABILITY = YES;
				ENABLE_USER_SCRIPT_SANDBOXING = YES;
				GCC_C_LANGUAGE_STANDARD = gnu17;
				GCC_DYNAMIC_NO_PIC = NO;
				GCC_NO_COMMON_BLOCKS = YES;
				GCC_OPTIMIZATION_LEVEL = 0;
				GCC_PREPROCESSOR_DEFINITIONS = (
					"DEBUG=1",
					"$(inherited)",
				);
				GCC_WARN_64_TO_32_BIT_CONVERSION = YES;
				GCC_WARN_ABOUT_RETURN_TYPE = YES_ERROR;
				GCC_WARN_UNDECLARED_SELECTOR = YES;
				GCC_WARN_UNINITIALIZED_AUTOS = YES_AGGRESSIVE;
				GCC_WARN_UNUSED_FUNCTION = YES;
				GCC_WARN_UNUSED_VARIABLE = YES;
				IPHONEOS_DEPLOYMENT_TARGET = 17.2;
				LOCALIZATION_PREFERS_STRING_CATALOGS = YES;
				MTL_ENABLE_DEBUG_INFO = INCLUDE_SOURCE;
				MTL_FAST_MATH = YES;
				ONLY_ACTIVE_ARCH = YES;
				SDKROOT = iphoneos;
				SWIFT_ACTIVE_COMPILATION_CONDITIONS = "DEBUG $(inherited)";
				SWIFT_OPTIMIZATION_LEVEL = "-Onone";
			};
			name = Debug;
		};
		DA1BF4AA2B91789C00C50388 /* Release */ = {
			isa = XCBuildConfiguration;
			buildSettings = {
				ALWAYS_SEARCH_USER_PATHS = NO;
				ASSETCATALOG_COMPILER_GENERATE_SWIFT_ASSET_SYMBOL_EXTENSIONS = YES;
				CLANG_ANALYZER_NONNULL = YES;
				CLANG_ANALYZER_NUMBER_OBJECT_CONVERSION = YES_AGGRESSIVE;
				CLANG_CXX_LANGUAGE_STANDARD = "gnu++20";
				CLANG_ENABLE_MODULES = YES;
				CLANG_ENABLE_OBJC_ARC = YES;
				CLANG_ENABLE_OBJC_WEAK = YES;
				CLANG_WARN_BLOCK_CAPTURE_AUTORELEASING = YES;
				CLANG_WARN_BOOL_CONVERSION = YES;
				CLANG_WARN_COMMA = YES;
				CLANG_WARN_CONSTANT_CONVERSION = YES;
				CLANG_WARN_DEPRECATED_OBJC_IMPLEMENTATIONS = YES;
				CLANG_WARN_DIRECT_OBJC_ISA_USAGE = YES_ERROR;
				CLANG_WARN_DOCUMENTATION_COMMENTS = YES;
				CLANG_WARN_EMPTY_BODY = YES;
				CLANG_WARN_ENUM_CONVERSION = YES;
				CLANG_WARN_INFINITE_RECURSION = YES;
				CLANG_WARN_INT_CONVERSION = YES;
				CLANG_WARN_NON_LITERAL_NULL_CONVERSION = YES;
				CLANG_WARN_OBJC_IMPLICIT_RETAIN_SELF = YES;
				CLANG_WARN_OBJC_LITERAL_CONVERSION = YES;
				CLANG_WARN_OBJC_ROOT_CLASS = YES_ERROR;
				CLANG_WARN_QUOTED_INCLUDE_IN_FRAMEWORK_HEADER = YES;
				CLANG_WARN_RANGE_LOOP_ANALYSIS = YES;
				CLANG_WARN_STRICT_PROTOTYPES = YES;
				CLANG_WARN_SUSPICIOUS_MOVE = YES;
				CLANG_WARN_UNGUARDED_AVAILABILITY = YES_AGGRESSIVE;
				CLANG_WARN_UNREACHABLE_CODE = YES;
				CLANG_WARN__DUPLICATE_METHOD_MATCH = YES;
				COPY_PHASE_STRIP = NO;
				DEBUG_INFORMATION_FORMAT = "dwarf-with-dsym";
				ENABLE_NS_ASSERTIONS = NO;
				ENABLE_STRICT_OBJC_MSGSEND = YES;
				ENABLE_USER_SCRIPT_SANDBOXING = YES;
				GCC_C_LANGUAGE_STANDARD = gnu17;
				GCC_NO_COMMON_BLOCKS = YES;
				GCC_WARN_64_TO_32_BIT_CONVERSION = YES;
				GCC_WARN_ABOUT_RETURN_TYPE = YES_ERROR;
				GCC_WARN_UNDECLARED_SELECTOR = YES;
				GCC_WARN_UNINITIALIZED_AUTOS = YES_AGGRESSIVE;
				GCC_WARN_UNUSED_FUNCTION = YES;
				GCC_WARN_UNUSED_VARIABLE = YES;
				IPHONEOS_DEPLOYMENT_TARGET = 17.2;
				LOCALIZATION_PREFERS_STRING_CATALOGS = YES;
				MTL_ENABLE_DEBUG_INFO = NO;
				MTL_FAST_MATH = YES;
				SDKROOT = iphoneos;
				SWIFT_COMPILATION_MODE = wholemodule;
				VALIDATE_PRODUCT = YES;
			};
			name = Release;
		};
		DA1BF4AC2B91789C00C50388 /* Debug */ = {
			isa = XCBuildConfiguration;
			buildSettings = {
				ASSETCATALOG_COMPILER_APPICON_NAME = AppIcon;
				ASSETCATALOG_COMPILER_GLOBAL_ACCENT_COLOR_NAME = AccentColor;
				CODE_SIGN_STYLE = Automatic;
				CURRENT_PROJECT_VERSION = 1;
				DEVELOPMENT_ASSET_PATHS = "\"layoutPractice/Preview Content\"";
				DEVELOPMENT_TEAM = 76XD6PT475;
				ENABLE_PREVIEWS = YES;
				GENERATE_INFOPLIST_FILE = YES;
				INFOPLIST_FILE = layoutPractice/Info.plist;
				INFOPLIST_KEY_UIApplicationSceneManifest_Generation = YES;
				INFOPLIST_KEY_UIApplicationSupportsIndirectInputEvents = YES;
				INFOPLIST_KEY_UILaunchScreen_Generation = YES;
				INFOPLIST_KEY_UISupportedInterfaceOrientations_iPad = "UIInterfaceOrientationPortrait UIInterfaceOrientationPortraitUpsideDown UIInterfaceOrientationLandscapeLeft UIInterfaceOrientationLandscapeRight";
				INFOPLIST_KEY_UISupportedInterfaceOrientations_iPhone = "UIInterfaceOrientationPortrait UIInterfaceOrientationLandscapeLeft UIInterfaceOrientationLandscapeRight";
				LD_RUNPATH_SEARCH_PATHS = (
					"$(inherited)",
					"@executable_path/Frameworks",
				);
				MARKETING_VERSION = 1.0;
				PRODUCT_BUNDLE_IDENTIFIER = UChan.layoutPractice;
				PRODUCT_NAME = "$(TARGET_NAME)";
				SWIFT_EMIT_LOC_STRINGS = YES;
				SWIFT_VERSION = 5.0;
				TARGETED_DEVICE_FAMILY = "1,2";
			};
			name = Debug;
		};
		DA1BF4AD2B91789C00C50388 /* Release */ = {
			isa = XCBuildConfiguration;
			buildSettings = {
				ASSETCATALOG_COMPILER_APPICON_NAME = AppIcon;
				ASSETCATALOG_COMPILER_GLOBAL_ACCENT_COLOR_NAME = AccentColor;
				CODE_SIGN_STYLE = Automatic;
				CURRENT_PROJECT_VERSION = 1;
				DEVELOPMENT_ASSET_PATHS = "\"layoutPractice/Preview Content\"";
				DEVELOPMENT_TEAM = 76XD6PT475;
				ENABLE_PREVIEWS = YES;
				GENERATE_INFOPLIST_FILE = YES;
				INFOPLIST_FILE = layoutPractice/Info.plist;
				INFOPLIST_KEY_UIApplicationSceneManifest_Generation = YES;
				INFOPLIST_KEY_UIApplicationSupportsIndirectInputEvents = YES;
				INFOPLIST_KEY_UILaunchScreen_Generation = YES;
				INFOPLIST_KEY_UISupportedInterfaceOrientations_iPad = "UIInterfaceOrientationPortrait UIInterfaceOrientationPortraitUpsideDown UIInterfaceOrientationLandscapeLeft UIInterfaceOrientationLandscapeRight";
				INFOPLIST_KEY_UISupportedInterfaceOrientations_iPhone = "UIInterfaceOrientationPortrait UIInterfaceOrientationLandscapeLeft UIInterfaceOrientationLandscapeRight";
				LD_RUNPATH_SEARCH_PATHS = (
					"$(inherited)",
					"@executable_path/Frameworks",
				);
				MARKETING_VERSION = 1.0;
				PRODUCT_BUNDLE_IDENTIFIER = UChan.layoutPractice;
				PRODUCT_NAME = "$(TARGET_NAME)";
				SWIFT_EMIT_LOC_STRINGS = YES;
				SWIFT_VERSION = 5.0;
				TARGETED_DEVICE_FAMILY = "1,2";
			};
			name = Release;
		};
		DA1BF4AF2B91789C00C50388 /* Debug */ = {
			isa = XCBuildConfiguration;
			buildSettings = {
				ALWAYS_EMBED_SWIFT_STANDARD_LIBRARIES = YES;
				BUNDLE_LOADER = "$(TEST_HOST)";
				CODE_SIGN_STYLE = Automatic;
				CURRENT_PROJECT_VERSION = 1;
				DEVELOPMENT_TEAM = 76XD6PT475;
				GENERATE_INFOPLIST_FILE = YES;
				IPHONEOS_DEPLOYMENT_TARGET = 17.2;
				MARKETING_VERSION = 1.0;
				PRODUCT_BUNDLE_IDENTIFIER = UChan.layoutPracticeTests;
				PRODUCT_NAME = "$(TARGET_NAME)";
				SWIFT_EMIT_LOC_STRINGS = NO;
				SWIFT_VERSION = 5.0;
				TARGETED_DEVICE_FAMILY = "1,2";
				TEST_HOST = "$(BUILT_PRODUCTS_DIR)/layoutPractice.app/$(BUNDLE_EXECUTABLE_FOLDER_PATH)/layoutPractice";
			};
			name = Debug;
		};
		DA1BF4B02B91789C00C50388 /* Release */ = {
			isa = XCBuildConfiguration;
			buildSettings = {
				ALWAYS_EMBED_SWIFT_STANDARD_LIBRARIES = YES;
				BUNDLE_LOADER = "$(TEST_HOST)";
				CODE_SIGN_STYLE = Automatic;
				CURRENT_PROJECT_VERSION = 1;
				DEVELOPMENT_TEAM = 76XD6PT475;
				GENERATE_INFOPLIST_FILE = YES;
				IPHONEOS_DEPLOYMENT_TARGET = 17.2;
				MARKETING_VERSION = 1.0;
				PRODUCT_BUNDLE_IDENTIFIER = UChan.layoutPracticeTests;
				PRODUCT_NAME = "$(TARGET_NAME)";
				SWIFT_EMIT_LOC_STRINGS = NO;
				SWIFT_VERSION = 5.0;
				TARGETED_DEVICE_FAMILY = "1,2";
				TEST_HOST = "$(BUILT_PRODUCTS_DIR)/layoutPractice.app/$(BUNDLE_EXECUTABLE_FOLDER_PATH)/layoutPractice";
			};
			name = Release;
		};
		DA1BF4B22B91789C00C50388 /* Debug */ = {
			isa = XCBuildConfiguration;
			buildSettings = {
				ALWAYS_EMBED_SWIFT_STANDARD_LIBRARIES = YES;
				CODE_SIGN_STYLE = Automatic;
				CURRENT_PROJECT_VERSION = 1;
				DEVELOPMENT_TEAM = 76XD6PT475;
				GENERATE_INFOPLIST_FILE = YES;
				MARKETING_VERSION = 1.0;
				PRODUCT_BUNDLE_IDENTIFIER = UChan.layoutPracticeUITests;
				PRODUCT_NAME = "$(TARGET_NAME)";
				SWIFT_EMIT_LOC_STRINGS = NO;
				SWIFT_VERSION = 5.0;
				TARGETED_DEVICE_FAMILY = "1,2";
				TEST_TARGET_NAME = layoutPractice;
			};
			name = Debug;
		};
		DA1BF4B32B91789C00C50388 /* Release */ = {
			isa = XCBuildConfiguration;
			buildSettings = {
				ALWAYS_EMBED_SWIFT_STANDARD_LIBRARIES = YES;
				CODE_SIGN_STYLE = Automatic;
				CURRENT_PROJECT_VERSION = 1;
				DEVELOPMENT_TEAM = 76XD6PT475;
				GENERATE_INFOPLIST_FILE = YES;
				MARKETING_VERSION = 1.0;
				PRODUCT_BUNDLE_IDENTIFIER = UChan.layoutPracticeUITests;
				PRODUCT_NAME = "$(TARGET_NAME)";
				SWIFT_EMIT_LOC_STRINGS = NO;
				SWIFT_VERSION = 5.0;
				TARGETED_DEVICE_FAMILY = "1,2";
				TEST_TARGET_NAME = layoutPractice;
			};
			name = Release;
		};
/* End XCBuildConfiguration section */

/* Begin XCConfigurationList section */
		DA1BF4822B91789900C50388 /* Build configuration list for PBXProject "layoutPractice" */ = {
			isa = XCConfigurationList;
			buildConfigurations = (
				DA1BF4A92B91789C00C50388 /* Debug */,
				DA1BF4AA2B91789C00C50388 /* Release */,
			);
			defaultConfigurationIsVisible = 0;
			defaultConfigurationName = Release;
		};
		DA1BF4AB2B91789C00C50388 /* Build configuration list for PBXNativeTarget "layoutPractice" */ = {
			isa = XCConfigurationList;
			buildConfigurations = (
				DA1BF4AC2B91789C00C50388 /* Debug */,
				DA1BF4AD2B91789C00C50388 /* Release */,
			);
			defaultConfigurationIsVisible = 0;
			defaultConfigurationName = Release;
		};
		DA1BF4AE2B91789C00C50388 /* Build configuration list for PBXNativeTarget "layoutPracticeTests" */ = {
			isa = XCConfigurationList;
			buildConfigurations = (
				DA1BF4AF2B91789C00C50388 /* Debug */,
				DA1BF4B02B91789C00C50388 /* Release */,
			);
			defaultConfigurationIsVisible = 0;
			defaultConfigurationName = Release;
		};
		DA1BF4B12B91789C00C50388 /* Build configuration list for PBXNativeTarget "layoutPracticeUITests" */ = {
			isa = XCConfigurationList;
			buildConfigurations = (
				DA1BF4B22B91789C00C50388 /* Debug */,
				DA1BF4B32B91789C00C50388 /* Release */,
			);
			defaultConfigurationIsVisible = 0;
			defaultConfigurationName = Release;
		};
/* End XCConfigurationList section */
	};
	rootObject = DA1BF47F2B91789900C50388 /* Project object */;
}
